
Microsoft Visual Studio Solution File, Format Version 12.00
# Visual Studio Version 17
VisualStudioVersion = 17.14.36203.30
MinimumVisualStudioVersion = 10.0.40219.1
Project("{FAE04EC0-301F-11D3-BF4B-00C04F79EFBC}") = "MCPAIAgentProject", "src\MCPAIAgentProject\MCPAIAgentProject.csproj", "{5076A973-E963-4627-9557-0D00959520E2}"
EndProject
Project("{2150E333-8FDC-42A3-9474-1A3956D46DE8}") = "src", "src", "{02EA681E-C7D8-13C7-8484-4AC65E1B71E8}"
EndProject
Project("{2150E333-8FDC-42A3-9474-1A3956D46DE8}") = "csharp", "csharp", "{D151FC41-B39A-4C38-AE8A-448F73BDAD6E}"
EndProject
Project("{2150E333-8FDC-42A3-9474-1A3956D46DE8}") = "python", "python", "{BAA7AAA0-1968-45F3-90F8-845B74034696}"
	ProjectSection(SolutionItems) = preProject
		..\python\.funcignore = ..\python\.funcignore
		..\python\.gitignore = ..\python\.gitignore
		..\python\function_app.py = ..\python\function_app.py
		..\python\host.json = ..\python\host.json
		..\python\local.settings.json = ..\python\local.settings.json
		..\python\requirements.txt = ..\python\requirements.txt
	EndProjectSection
EndProject
Global
	GlobalSection(SolutionConfigurationPlatforms) = preSolution
		Debug|Any CPU = Debug|Any CPU
		Release|Any CPU = Release|Any CPU
	EndGlobalSection
	GlobalSection(ProjectConfigurationPlatforms) = postSolution
		{5076A973-E963-4627-9557-0D00959520E2}.Debug|Any CPU.ActiveCfg = Debug|Any CPU
		{5076A973-E963-4627-9557-0D00959520E2}.Debug|Any CPU.Build.0 = Debug|Any CPU
		{5076A973-E963-4627-9557-0D00959520E2}.Release|Any CPU.ActiveCfg = Release|Any CPU
		{5076A973-E963-4627-9557-0D00959520E2}.Release|Any CPU.Build.0 = Release|Any CPU
	EndGlobalSection
	GlobalSection(SolutionProperties) = preSolution
		HideSolutionNode = FALSE
	EndGlobalSection
	GlobalSection(NestedProjects) = preSolution
		{5076A973-E963-4627-9557-0D00959520E2} = {D151FC41-B39A-4C38-AE8A-448F73BDAD6E}
		{D151FC41-B39A-4C38-AE8A-448F73BDAD6E} = {02EA681E-C7D8-13C7-8484-4AC65E1B71E8}
		{BAA7AAA0-1968-45F3-90F8-845B74034696} = {02EA681E-C7D8-13C7-8484-4AC65E1B71E8}
	EndGlobalSection
	GlobalSection(ExtensibilityGlobals) = postSolution
		SolutionGuid = {C52D0EA8-3BDD-4667-8208-36FA3D8E55EF}
	EndGlobalSection
EndGlobal
